
Microsoft Visual Studio Solution File, Format Version 12.00
# Visual Studio Version 17
VisualStudioVersion = 17.5.002.0
MinimumVisualStudioVersion = 10.0.40219.1
Project("{9A19103F-16F7-4668-BE54-9A1E7A4F7556}") = "api", "api\api.csproj", "{4DA8FC92-D136-42F9-9F40-AA0FF91B922E}"
EndProject
Project("{2150E333-8FDC-42A3-9474-1A3956D46DE8}") = "functions", "functions", "{3F3C33AA-9A0F-4D5A-9FD8-991E53B2D0FF}"
EndProject
Project("{2150E333-8FDC-42A3-9474-1A3956D46DE8}") = "WebApplication1", "WebApplication1", "{D60C4B53-D0CD-4594-8FC6-02C0FE148609}"
EndProject
Project("{9A19103F-16F7-4668-BE54-9A1E7A4F7556}") = "functions", "functions\WebApplication1\functions\functions.csproj", "{4CA99465-A294-4FE4-A943-575ED4FEAB66}"
EndProject
Global
	GlobalSection(SolutionConfigurationPlatforms) = preSolution
		Debug|Any CPU = Debug|Any CPU
		Release|Any CPU = Release|Any CPU
	EndGlobalSection
	GlobalSection(ProjectConfigurationPlatforms) = postSolution
		{4DA8FC92-D136-42F9-9F40-AA0FF91B922E}.Debug|Any CPU.ActiveCfg = Debug|Any CPU
		{4DA8FC92-D136-42F9-9F40-AA0FF91B922E}.Debug|Any CPU.Build.0 = Debug|Any CPU
		{4DA8FC92-D136-42F9-9F40-AA0FF91B922E}.Release|Any CPU.ActiveCfg = Release|Any CPU
		{4DA8FC92-D136-42F9-9F40-AA0FF91B922E}.Release|Any CPU.Build.0 = Release|Any CPU
		{4CA99465-A294-4FE4-A943-575ED4FEAB66}.Debug|Any CPU.ActiveCfg = Debug|Any CPU
		{4CA99465-A294-4FE4-A943-575ED4FEAB66}.Debug|Any CPU.Build.0 = Debug|Any CPU
		{4CA99465-A294-4FE4-A943-575ED4FEAB66}.Release|Any CPU.ActiveCfg = Release|Any CPU
		{4CA99465-A294-4FE4-A943-575ED4FEAB66}.Release|Any CPU.Build.0 = Release|Any CPU
	EndGlobalSection
	GlobalSection(SolutionProperties) = preSolution
		HideSolutionNode = FALSE
	EndGlobalSection
	GlobalSection(NestedProjects) = preSolution
		{D60C4B53-D0CD-4594-8FC6-02C0FE148609} = {3F3C33AA-9A0F-4D5A-9FD8-991E53B2D0FF}
		{4CA99465-A294-4FE4-A943-575ED4FEAB66} = {D60C4B53-D0CD-4594-8FC6-02C0FE148609}
	EndGlobalSection
	GlobalSection(ExtensibilityGlobals) = postSolution
		SolutionGuid = {66AA7077-F563-44E7-802C-2111C8962C4F}
	EndGlobalSection
EndGlobal
